
Microsoft Visual Studio Solution File, Format Version 12.00
# Visual Studio Version 16
VisualStudioVersion = 16.0.33130.400
MinimumVisualStudioVersion = 10.0.40219.1
Project("{9A19103F-16F7-4668-BE54-9A1E7A4F7556}") = "Maria.DemandPlan.UI", "Maria.DemandPlan.UI\Maria.DemandPlan.UI.csproj", "{08F3D7C8-E207-4192-8577-16720AC68055}"
EndProject
Project("{9A19103F-16F7-4668-BE54-9A1E7A4F7556}") = "Maria.DemandPlan.Tests", "Maria.DemandPlan.Tests\Maria.DemandPlan.Tests.csproj", "{3455639A-6A4C-461F-8BDE-C0302AD3854C}"
EndProject
Project("{9A19103F-16F7-4668-BE54-9A1E7A4F7556}") = "Maria.DemandPlan.Models", "Maria.DemandPlan.Models\Maria.DemandPlan.Models.csproj", "{9175E9AA-1250-47D2-A088-79346C519926}"
EndProject
Project("{FAE04EC0-301F-11D3-BF4B-00C04F79EFBC}") = "Maria.DemandPlan.BLL", "Maria.DemandPlan.BLL\Maria.DemandPlan.BLL.csproj", "{D0D11747-446D-45BC-BB2C-1F21C703DDEA}"
EndProject
Global
	GlobalSection(SolutionConfigurationPlatforms) = preSolution
		Debug|Any CPU = Debug|Any CPU
		Release|Any CPU = Release|Any CPU
	EndGlobalSection
	GlobalSection(ProjectConfigurationPlatforms) = postSolution
		{08F3D7C8-E207-4192-8577-16720AC68055}.Debug|Any CPU.ActiveCfg = Debug|Any CPU
		{08F3D7C8-E207-4192-8577-16720AC68055}.Debug|Any CPU.Build.0 = Debug|Any CPU
		{08F3D7C8-E207-4192-8577-16720AC68055}.Release|Any CPU.ActiveCfg = Release|Any CPU
		{08F3D7C8-E207-4192-8577-16720AC68055}.Release|Any CPU.Build.0 = Release|Any CPU
		{3455639A-6A4C-461F-8BDE-C0302AD3854C}.Debug|Any CPU.ActiveCfg = Debug|Any CPU
		{3455639A-6A4C-461F-8BDE-C0302AD3854C}.Debug|Any CPU.Build.0 = Debug|Any CPU
		{3455639A-6A4C-461F-8BDE-C0302AD3854C}.Release|Any CPU.ActiveCfg = Release|Any CPU
		{3455639A-6A4C-461F-8BDE-C0302AD3854C}.Release|Any CPU.Build.0 = Release|Any CPU
		{9175E9AA-1250-47D2-A088-79346C519926}.Debug|Any CPU.ActiveCfg = Debug|Any CPU
		{9175E9AA-1250-47D2-A088-79346C519926}.Debug|Any CPU.Build.0 = Debug|Any CPU
		{9175E9AA-1250-47D2-A088-79346C519926}.Release|Any CPU.ActiveCfg = Release|Any CPU
		{9175E9AA-1250-47D2-A088-79346C519926}.Release|Any CPU.Build.0 = Release|Any CPU
		{D0D11747-446D-45BC-BB2C-1F21C703DDEA}.Debug|Any CPU.ActiveCfg = Debug|Any CPU
		{D0D11747-446D-45BC-BB2C-1F21C703DDEA}.Debug|Any CPU.Build.0 = Debug|Any CPU
		{D0D11747-446D-45BC-BB2C-1F21C703DDEA}.Release|Any CPU.ActiveCfg = Release|Any CPU
		{D0D11747-446D-45BC-BB2C-1F21C703DDEA}.Release|Any CPU.Build.0 = Release|Any CPU
	EndGlobalSection
	GlobalSection(SolutionProperties) = preSolution
		HideSolutionNode = FALSE
	EndGlobalSection
	GlobalSection(ExtensibilityGlobals) = postSolution
		SolutionGuid = {61CF5C3F-7CA9-4995-A7B5-7D016204A7E5}
	EndGlobalSection
EndGlobal
